
Microsoft Visual Studio Solution File, Format Version 12.00
# Visual Studio Version 17
VisualStudioVersion = 17.1.32210.238
MinimumVisualStudioVersion = 10.0.40219.1
Project("{FAE04EC0-301F-11D3-BF4B-00C04F79EFBC}") = "CourseApp1", "CourseApp1\CourseApp1.csproj", "{45567E5B-8563-4A89-9869-95A9FD29A88B}"
EndProject
Project("{FAE04EC0-301F-11D3-BF4B-00C04F79EFBC}") = "CourseApp1.Tests", "CourseApp1.Tests\CourseApp1.Tests.csproj", "{FC4D7D85-D706-4EE9-81AF-035EAA1E9877}"
EndProject
Project("{FAE04EC0-301F-11D3-BF4B-00C04F79EFBC}") = "Courses.Data", "Courses.Data\Courses.Data.csproj", "{BBD9BA3D-0D3F-46C2-B10A-395B2563EFC8}"
EndProject
Global
	GlobalSection(SolutionConfigurationPlatforms) = preSolution
		Debug|Any CPU = Debug|Any CPU
		Release|Any CPU = Release|Any CPU
	EndGlobalSection
	GlobalSection(ProjectConfigurationPlatforms) = postSolution
		{45567E5B-8563-4A89-9869-95A9FD29A88B}.Debug|Any CPU.ActiveCfg = Debug|Any CPU
		{45567E5B-8563-4A89-9869-95A9FD29A88B}.Debug|Any CPU.Build.0 = Debug|Any CPU
		{45567E5B-8563-4A89-9869-95A9FD29A88B}.Release|Any CPU.ActiveCfg = Release|Any CPU
		{45567E5B-8563-4A89-9869-95A9FD29A88B}.Release|Any CPU.Build.0 = Release|Any CPU
		{FC4D7D85-D706-4EE9-81AF-035EAA1E9877}.Debug|Any CPU.ActiveCfg = Debug|Any CPU
		{FC4D7D85-D706-4EE9-81AF-035EAA1E9877}.Debug|Any CPU.Build.0 = Debug|Any CPU
		{FC4D7D85-D706-4EE9-81AF-035EAA1E9877}.Release|Any CPU.ActiveCfg = Release|Any CPU
		{FC4D7D85-D706-4EE9-81AF-035EAA1E9877}.Release|Any CPU.Build.0 = Release|Any CPU
		{BBD9BA3D-0D3F-46C2-B10A-395B2563EFC8}.Debug|Any CPU.ActiveCfg = Debug|Any CPU
		{BBD9BA3D-0D3F-46C2-B10A-395B2563EFC8}.Debug|Any CPU.Build.0 = Debug|Any CPU
		{BBD9BA3D-0D3F-46C2-B10A-395B2563EFC8}.Release|Any CPU.ActiveCfg = Release|Any CPU
		{BBD9BA3D-0D3F-46C2-B10A-395B2563EFC8}.Release|Any CPU.Build.0 = Release|Any CPU
	EndGlobalSection
	GlobalSection(SolutionProperties) = preSolution
		HideSolutionNode = FALSE
	EndGlobalSection
	GlobalSection(ExtensibilityGlobals) = postSolution
		SolutionGuid = {A4C61C46-1FC9-458B-9243-8242F4EDA76E}
	EndGlobalSection
EndGlobal
